<?xml version="1.0" encoding="utf-8"?>
<Project ToolsVersion="4.0" xmlns="http://schemas.microsoft.com/developer/msbuild/2003">
  <ItemGroup>
    <ClCompile Include="Main.cpp" />
    <ClCompile Include="Button.cpp">
      <Filter>ZEngine</Filter>
    </ClCompile>
    <ClCompile Include="ResourceBar.cpp">
      <Filter>ZEngine</Filter>
    </ClCompile>
    <ClCompile Include="Timer.cpp">
      <Filter>ZEngine</Filter>
    </ClCompile>
    <ClCompile Include="GameState_Gameplay.cpp">
      <Filter>States</Filter>
    </ClCompile>
    <ClCompile Include="GameState_MainMenu.cpp">
      <Filter>States</Filter>
    </ClCompile>
    <ClCompile Include="GameState_Shop.cpp">
      <Filter>States</Filter>
    </ClCompile>
    <ClCompile Include="GameState_Splash.cpp">
      <Filter>States</Filter>
    </ClCompile>
    <ClCompile Include="Room.cpp">
      <Filter>Project\Level</Filter>
    </ClCompile>
    <ClCompile Include="Level.cpp">
      <Filter>Project\Level</Filter>
    </ClCompile>
    <ClCompile Include="LevelBuilder.cpp">
      <Filter>Project\Level</Filter>
    </ClCompile>
    <ClCompile Include="TilePicker.cpp">
      <Filter>Project\Level</Filter>
    </ClCompile>
    <ClCompile Include="ContactListener.cpp">
      <Filter>Project\Physics</Filter>
    </ClCompile>
    <ClCompile Include="PhysicsDebugDraw.cpp">
      <Filter>Project\Physics</Filter>
    </ClCompile>
    <ClCompile Include="AlarmPig.cpp">
      <Filter>Project\Agents</Filter>
    </ClCompile>
    <ClCompile Include="Obstacle.cpp">
      <Filter>Project\GameObjects\Obstacles</Filter>
    </ClCompile>
    <ClCompile Include="Box.cpp">
      <Filter>Project\GameObjects\Obstacles</Filter>
    </ClCompile>
    <ClCompile Include="Spike.cpp">
      <Filter>Project\GameObjects\Obstacles</Filter>
    </ClCompile>
    <ClCompile Include="BalanceSheet.cpp">
      <Filter>Utilities</Filter>
    </ClCompile>
    <ClCompile Include="SaveDataManager.cpp">
      <Filter>Systems</Filter>
    </ClCompile>
    <ClCompile Include="Prop.cpp">
      <Filter>Project\Props</Filter>
    </ClCompile>
    <ClCompile Include="Fragment.cpp">
      <Filter>Project\Props</Filter>
    </ClCompile>
    <ClCompile Include="SwordPickup.cpp">
      <Filter>Project\Pickups</Filter>
    </ClCompile>
    <ClCompile Include="Pickup.cpp">
      <Filter>Project\Pickups</Filter>
    </ClCompile>
    <ClCompile Include="Tile.cpp">
      <Filter>Project\Level</Filter>
    </ClCompile>
    <ClCompile Include="Baldy.cpp">
      <Filter>Project\Agents</Filter>
    </ClCompile>
    <ClCompile Include="Utilities.cpp">
      <Filter>Utilities</Filter>
    </ClCompile>
    <ClCompile Include="Enemy.cpp">
      <Filter>Project\Agents</Filter>
    </ClCompile>
    <ClCompile Include="Node.cpp">
      <Filter>Systems</Filter>
    </ClCompile>
    <ClCompile Include="AlertBubble.cpp" />
    <ClCompile Include="NavMap.cpp" />
    <ClCompile Include="AgentNavigation.cpp" />
    <ClCompile Include="PathStep.cpp" />
    <ClCompile Include="RopeSegment.cpp" />
    <ClCompile Include="Animation.cpp">
      <Filter>ZEngine\Animation</Filter>
    </ClCompile>
    <ClCompile Include="AnimationComponent.cpp">
      <Filter>ZEngine\Animation</Filter>
    </ClCompile>
    <ClCompile Include="Game.cpp">
      <Filter>ZEngine\Core</Filter>
    </ClCompile>
    <ClCompile Include="GameObject.cpp">
      <Filter>ZEngine\Core</Filter>
    </ClCompile>
    <ClCompile Include="GameState.cpp">
      <Filter>ZEngine\Core</Filter>
    </ClCompile>
    <ClCompile Include="Agent.cpp">
      <Filter>ZEngine\Core</Filter>
    </ClCompile>
    <ClCompile Include="ObjectComponent.cpp">
      <Filter>ZEngine\Core</Filter>
    </ClCompile>
    <ClCompile Include="InteractableComponent.cpp" />
    <ClCompile Include="Player.cpp">
      <Filter>Project\Agents\Player</Filter>
    </ClCompile>
    <ClCompile Include="PlayerPhysicsComponent.cpp">
      <Filter>Project\Agents\Player\Components</Filter>
    </ClCompile>
    <ClCompile Include="PhysicsComponent.cpp">
      <Filter>ZEngine</Filter>
    </ClCompile>
    <ClCompile Include="TraversalState.cpp">
      <Filter>Project\Agents\Player\States\TraversalState</Filter>
    </ClCompile>
    <ClCompile Include="FallingState.cpp">
      <Filter>Project\Agents\Player\States\TraversalState</Filter>
    </ClCompile>
    <ClCompile Include="GroundedState.cpp">
      <Filter>Project\Agents\Player\States\TraversalState</Filter>
    </ClCompile>
    <ClCompile Include="IdleState.cpp">
      <Filter>Project\Agents\Player\States\TraversalState</Filter>
    </ClCompile>
    <ClCompile Include="InAirState.cpp">
      <Filter>Project\Agents\Player\States\TraversalState</Filter>
    </ClCompile>
    <ClCompile Include="JumpingState.cpp">
      <Filter>Project\Agents\Player\States\TraversalState</Filter>
    </ClCompile>
    <ClCompile Include="MovingState.cpp">
      <Filter>Project\Agents\Player\States\TraversalState</Filter>
    </ClCompile>
    <ClCompile Include="PlayerState.cpp">
      <Filter>Project\Agents\Player\States\TraversalState</Filter>
    </ClCompile>
    <ClCompile Include="PlayerAnimationComponent.cpp">
      <Filter>Project\Agents\Player\Components</Filter>
    </ClCompile>
    <ClCompile Include="AssetManager.cpp">
      <Filter>ZEngine\Core</Filter>
    </ClCompile>
    <ClCompile Include="InputManager.cpp">
      <Filter>ZEngine\Core</Filter>
    </ClCompile>
    <ClCompile Include="StateMachine.cpp">
      <Filter>ZEngine\Core</Filter>
    </ClCompile>
    <ClCompile Include="EquipmentState.cpp">
      <Filter>Project\Agents\Player\States\EquipmentState</Filter>
    </ClCompile>
    <ClCompile Include="LandingState.cpp">
      <Filter>Project\Agents\Player\States\TraversalState</Filter>
    </ClCompile>
    <ClCompile Include="Attack.cpp" />
    <ClCompile Include="Equippable.cpp" />
    <ClCompile Include="SwordItem.cpp" />
    <ClCompile Include="AttackState.cpp">
      <Filter>Project\Agents\Player\States\TraversalState</Filter>
    </ClCompile>
    <ClCompile Include="SwordState.cpp">
      <Filter>Project\Agents\Player\States\EquipmentState</Filter>
    </ClCompile>
    <ClCompile Include="EquipmentComponent.cpp" />
  </ItemGroup>
  <ItemGroup>
    <ClInclude Include="Button.h">
      <Filter>ZEngine</Filter>
    </ClInclude>
    <ClInclude Include="ResourceBar.h">
      <Filter>ZEngine</Filter>
    </ClInclude>
    <ClInclude Include="Timer.h">
      <Filter>ZEngine</Filter>
    </ClInclude>
    <ClInclude Include="GameState_Gameplay.h">
      <Filter>States</Filter>
    </ClInclude>
    <ClInclude Include="GameState_MainMenu.h">
      <Filter>States</Filter>
    </ClInclude>
    <ClInclude Include="GameState_Shop.h">
      <Filter>States</Filter>
    </ClInclude>
    <ClInclude Include="GameState_Splash.h">
      <Filter>States</Filter>
    </ClInclude>
    <ClInclude Include="Room.h">
      <Filter>Project\Level</Filter>
    </ClInclude>
    <ClInclude Include="Level.h">
      <Filter>Project\Level</Filter>
    </ClInclude>
    <ClInclude Include="LevelBuilder.h">
      <Filter>Project\Level</Filter>
    </ClInclude>
    <ClInclude Include="TilePicker.h">
      <Filter>Project\Level</Filter>
    </ClInclude>
    <ClInclude Include="ContactListener.h">
      <Filter>Project\Physics</Filter>
    </ClInclude>
    <ClInclude Include="PhysicsDebugDraw.h">
      <Filter>Project\Physics</Filter>
    </ClInclude>
    <ClInclude Include="AlarmPig.h">
      <Filter>Project\Agents</Filter>
    </ClInclude>
    <ClInclude Include="Obstacle.h">
      <Filter>Project\GameObjects\Obstacles</Filter>
    </ClInclude>
    <ClInclude Include="Box.h">
      <Filter>Project\GameObjects\Obstacles</Filter>
    </ClInclude>
    <ClInclude Include="Spike.h">
      <Filter>Project\GameObjects\Obstacles</Filter>
    </ClInclude>
    <ClInclude Include="BalanceSheet.h">
      <Filter>Utilities</Filter>
    </ClInclude>
    <ClInclude Include="Definitions.h">
      <Filter>Utilities</Filter>
    </ClInclude>
    <ClInclude Include="GameMaps.h">
      <Filter>Utilities</Filter>
    </ClInclude>
    <ClInclude Include="SaveDataManager.h">
      <Filter>Systems</Filter>
    </ClInclude>
    <ClInclude Include="Prop.h">
      <Filter>Project\Props</Filter>
    </ClInclude>
    <ClInclude Include="Fragment.h">
      <Filter>Project\Props</Filter>
    </ClInclude>
    <ClInclude Include="SwordPickup.h">
      <Filter>Project\Pickups</Filter>
    </ClInclude>
    <ClInclude Include="Pickup.h">
      <Filter>Project\Pickups</Filter>
    </ClInclude>
    <ClInclude Include="Tile.h">
      <Filter>Project\Level</Filter>
    </ClInclude>
    <ClInclude Include="Baldy.h">
      <Filter>Project\Agents</Filter>
    </ClInclude>
    <ClInclude Include="Utilities.h">
      <Filter>Utilities</Filter>
    </ClInclude>
    <ClInclude Include="Enemy.h">
      <Filter>Project\Agents</Filter>
    </ClInclude>
    <ClInclude Include="Node.h">
      <Filter>Systems</Filter>
    </ClInclude>
    <ClInclude Include="AlertBubble.h" />
    <ClInclude Include="NavMap.h" />
    <ClInclude Include="AgentNavigation.h" />
    <ClInclude Include="PathStep.h" />
    <ClInclude Include="RopeSegment.h" />
    <ClInclude Include="Animation.h">
      <Filter>ZEngine\Animation</Filter>
    </ClInclude>
    <ClInclude Include="AnimationComponent.h">
      <Filter>ZEngine\Animation</Filter>
    </ClInclude>
    <ClInclude Include="Game.h">
      <Filter>ZEngine\Core</Filter>
    </ClInclude>
    <ClInclude Include="GameObject.h">
      <Filter>ZEngine\Core</Filter>
    </ClInclude>
    <ClInclude Include="GameState.h">
      <Filter>ZEngine\Core</Filter>
    </ClInclude>
    <ClInclude Include="Agent.h">
      <Filter>ZEngine\Core</Filter>
    </ClInclude>
    <ClInclude Include="ObjectComponent.h">
      <Filter>ZEngine\Core</Filter>
    </ClInclude>
    <ClInclude Include="InteractableComponent.h" />
    <ClInclude Include="Player.h">
      <Filter>Project\Agents\Player</Filter>
    </ClInclude>
    <ClInclude Include="PlayerPhysicsComponent.h">
      <Filter>Project\Agents\Player\Components</Filter>
    </ClInclude>
    <ClInclude Include="PhysicsComponent.h">
      <Filter>ZEngine</Filter>
    </ClInclude>
    <ClInclude Include="TraversalState.h">
      <Filter>Project\Agents\Player\States\TraversalState</Filter>
    </ClInclude>
    <ClInclude Include="FallingState.h">
      <Filter>Project\Agents\Player\States\TraversalState</Filter>
    </ClInclude>
    <ClInclude Include="GroundedState.h">
      <Filter>Project\Agents\Player\States\TraversalState</Filter>
    </ClInclude>
    <ClInclude Include="IdleState.h">
      <Filter>Project\Agents\Player\States\TraversalState</Filter>
    </ClInclude>
    <ClInclude Include="InAirState.h">
      <Filter>Project\Agents\Player\States\TraversalState</Filter>
    </ClInclude>
    <ClInclude Include="JumpingState.h">
      <Filter>Project\Agents\Player\States\TraversalState</Filter>
    </ClInclude>
    <ClInclude Include="MovingState.h">
      <Filter>Project\Agents\Player\States\TraversalState</Filter>
    </ClInclude>
    <ClInclude Include="PlayerState.h">
      <Filter>Project\Agents\Player\States\TraversalState</Filter>
    </ClInclude>
    <ClInclude Include="PlayerAnimationComponent.h">
      <Filter>Project\Agents\Player\Components</Filter>
    </ClInclude>
    <ClInclude Include="AssetManager.h">
      <Filter>ZEngine\Core</Filter>
    </ClInclude>
    <ClInclude Include="InputManager.h">
      <Filter>ZEngine\Core</Filter>
    </ClInclude>
    <ClInclude Include="SFMLOrthogonalLayer.hpp">
      <Filter>ZEngine\Core</Filter>
    </ClInclude>
    <ClInclude Include="StateMachine.h">
      <Filter>ZEngine\Core</Filter>
    </ClInclude>
    <ClInclude Include="EquipmentState.h">
      <Filter>Project\Agents\Player\States\EquipmentState</Filter>
    </ClInclude>
    <ClInclude Include="LandingState.h">
      <Filter>Project\Agents\Player\States\TraversalState</Filter>
    </ClInclude>
    <ClInclude Include="Attack.h" />
    <ClInclude Include="Equippable.h" />
    <ClInclude Include="SwordItem.h" />
    <ClInclude Include="AttackState.h">
      <Filter>Project\Agents\Player\States\TraversalState</Filter>
    </ClInclude>
    <ClInclude Include="SwordState.h">
      <Filter>Project\Agents\Player\States\EquipmentState</Filter>
    </ClInclude>
    <ClInclude Include="EquipmentComponent.h" />
  </ItemGroup>
  <ItemGroup>
    <Filter Include="ZEngine">
      <UniqueIdentifier>{b985a754-78a7-43c6-9e89-d5b424c7902f}</UniqueIdentifier>
    </Filter>
    <Filter Include="States">
      <UniqueIdentifier>{784db363-901d-4f10-91f7-9db0e8b80286}</UniqueIdentifier>
    </Filter>
    <Filter Include="Utilities">
      <UniqueIdentifier>{b5765943-056d-460d-82d1-8c967470d002}</UniqueIdentifier>
    </Filter>
    <Filter Include="Systems">
      <UniqueIdentifier>{3b582bed-ce8a-440d-9944-7257980aa50e}</UniqueIdentifier>
    </Filter>
    <Filter Include="ZEngine\Animation">
      <UniqueIdentifier>{0ac1be74-892d-4449-a4e4-9c95f159e07e}</UniqueIdentifier>
    </Filter>
    <Filter Include="ZEngine\Core">
      <UniqueIdentifier>{e33f2bc6-cd79-4813-a0f3-768272118960}</UniqueIdentifier>
    </Filter>
    <Filter Include="Project">
      <UniqueIdentifier>{13a1642a-cfdb-47d3-ae23-6c40be75b83f}</UniqueIdentifier>
    </Filter>
    <Filter Include="Project\Agents">
      <UniqueIdentifier>{566185ac-2cf5-494b-92f9-07f45de272e6}</UniqueIdentifier>
    </Filter>
    <Filter Include="Project\Level">
      <UniqueIdentifier>{a3df6c35-d069-4557-a222-37fbf4b2be07}</UniqueIdentifier>
    </Filter>
    <Filter Include="Project\Physics">
      <UniqueIdentifier>{542fc80a-ead8-4540-a7d6-c986e72d5a8d}</UniqueIdentifier>
    </Filter>
    <Filter Include="Project\Pickups">
      <UniqueIdentifier>{4207444a-f9d9-4cd6-b0ce-271ffddecd44}</UniqueIdentifier>
    </Filter>
    <Filter Include="Project\Props">
      <UniqueIdentifier>{fc6bea0e-fdd9-4ef3-8fe4-0763a3d41a77}</UniqueIdentifier>
    </Filter>
    <Filter Include="Project\GameObjects">
      <UniqueIdentifier>{b5f1fe70-d865-48b4-b485-4a7b39de93b2}</UniqueIdentifier>
    </Filter>
    <Filter Include="Project\ObjectComponents">
      <UniqueIdentifier>{9af42de5-863f-4634-9ca3-9d3c029057e6}</UniqueIdentifier>
    </Filter>
    <Filter Include="Project\Agents\Player">
      <UniqueIdentifier>{4a0f51b2-031c-42c9-8d37-f06657a954f1}</UniqueIdentifier>
    </Filter>
    <Filter Include="Project\Agents\Player\Components">
      <UniqueIdentifier>{c7088862-5a5b-40c1-84f8-c141d3fdda0f}</UniqueIdentifier>
    </Filter>
    <Filter Include="Project\Agents\Player\States">
      <UniqueIdentifier>{d3bfde48-e8d5-4bc7-86b4-e64cebf6cc84}</UniqueIdentifier>
    </Filter>
    <Filter Include="Project\Agents\Player\States\TraversalState">
      <UniqueIdentifier>{9d6c891d-716c-4a88-bfe3-7253fa6e8244}</UniqueIdentifier>
    </Filter>
    <Filter Include="Project\Agents\Player\States\EquipmentState">
      <UniqueIdentifier>{d5998eaf-ed3f-4032-9753-fc7f9d9a43b1}</UniqueIdentifier>
    </Filter>
    <Filter Include="Project\GameObjects\Obstacles">
      <UniqueIdentifier>{f76881c0-99e0-42dd-a47f-6e246e88490c}</UniqueIdentifier>
    </Filter>
    <Filter Include="Project\Agents\AgentComponents">
      <UniqueIdentifier>{9c8079cc-b2f7-4080-a7bd-1d0a524160cb}</UniqueIdentifier>
    </Filter>
  </ItemGroup>
</Project>